
Microsoft Visual Studio Solution File, Format Version 12.00
# Visual Studio Version 16
VisualStudioVersion = 16.0.30503.244
MinimumVisualStudioVersion = 10.0.40219.1
Project("{9A19103F-16F7-4668-BE54-9A1E7A4F7556}") = "HungryPizza.API", "HungryPizza.API\HungryPizza.API.csproj", "{2E44B7C6-AB24-41CD-A2FE-A9E9F75B5408}"
EndProject
Project("{2150E333-8FDC-42A3-9474-1A3956D46DE8}") = "1-Application", "1-Application", "{7550120E-99CC-4123-B8FE-E11915595005}"
EndProject
Project("{2150E333-8FDC-42A3-9474-1A3956D46DE8}") = "2-Domain", "2-Domain", "{D8570B11-183A-4A4B-B5AC-E59367FEBB4A}"
EndProject
Project("{2150E333-8FDC-42A3-9474-1A3956D46DE8}") = "3-Infra", "3-Infra", "{52F2DECF-6445-4B7F-B541-820139D91E19}"
EndProject
Project("{9A19103F-16F7-4668-BE54-9A1E7A4F7556}") = "HungryPizza.Domain", "HungryPizza.Domain\HungryPizza.Domain.csproj", "{EBD156B4-BBD0-4F05-8E22-9832F8007601}"
EndProject
Project("{9A19103F-16F7-4668-BE54-9A1E7A4F7556}") = "HungryPizza.Domain.Core", "HungryPizza.Domain.Core\HungryPizza.Domain.Core.csproj", "{32FCAAE2-8299-4747-975B-033E4F47A5D9}"
EndProject
Project("{9A19103F-16F7-4668-BE54-9A1E7A4F7556}") = "HungryPizza.Domain.Services", "HungryPizza.Domain.Services\HungryPizza.Domain.Services.csproj", "{2A8B42EF-F6C1-4FB8-A128-1054EBB11A37}"
EndProject
Project("{2150E333-8FDC-42A3-9474-1A3956D46DE8}") = "3.1-Data", "3.1-Data", "{966F3ED4-FFFC-4CF9-A12D-4A473BBFA61F}"
EndProject
Project("{2150E333-8FDC-42A3-9474-1A3956D46DE8}") = "3.2-CrossCutting", "3.2-CrossCutting", "{482E3DD4-803D-4656-8F05-AF39E160AAF2}"
EndProject
Project("{9A19103F-16F7-4668-BE54-9A1E7A4F7556}") = "HungryPizza.Infra.CrossCutting", "HungryPizza.Infra.CrossCutting\HungryPizza.Infra.CrossCutting.csproj", "{9D8B68AF-BC69-4386-AA2C-51E815FD9D27}"
EndProject
Project("{9A19103F-16F7-4668-BE54-9A1E7A4F7556}") = "HungryPizza.Infra.CrossCutting.IOC", "HungryPizza.Infra.CrossCutting.IOC\HungryPizza.Infra.CrossCutting.IOC.csproj", "{59965E25-3FF9-4B80-9D57-C7B81900CE11}"
EndProject
Project("{9A19103F-16F7-4668-BE54-9A1E7A4F7556}") = "HungryPizza.Infra.Data", "HungryPizza.Infra.Data\HungryPizza.Infra.Data.csproj", "{DD4665BE-7AD5-4926-A8DD-BFACDDB9ED37}"
EndProject
Project("{2150E333-8FDC-42A3-9474-1A3956D46DE8}") = "4-Tests", "4-Tests", "{D0B68774-8A29-49E0-BABF-B2957DC90813}"
EndProject
Project("{FAE04EC0-301F-11D3-BF4B-00C04F79EFBC}") = "HungryPizza.Integration.Tests", "HungryPizza.Integration.Tests\HungryPizza.Integration.Tests.csproj", "{D221FDA8-7A88-4A36-AAD6-BF2BEEBBB904}"
EndProject
Global
	GlobalSection(SolutionConfigurationPlatforms) = preSolution
		Debug|Any CPU = Debug|Any CPU
		Release|Any CPU = Release|Any CPU
	EndGlobalSection
	GlobalSection(ProjectConfigurationPlatforms) = postSolution
		{2E44B7C6-AB24-41CD-A2FE-A9E9F75B5408}.Debug|Any CPU.ActiveCfg = Debug|Any CPU
		{2E44B7C6-AB24-41CD-A2FE-A9E9F75B5408}.Debug|Any CPU.Build.0 = Debug|Any CPU
		{2E44B7C6-AB24-41CD-A2FE-A9E9F75B5408}.Release|Any CPU.ActiveCfg = Release|Any CPU
		{2E44B7C6-AB24-41CD-A2FE-A9E9F75B5408}.Release|Any CPU.Build.0 = Release|Any CPU
		{EBD156B4-BBD0-4F05-8E22-9832F8007601}.Debug|Any CPU.ActiveCfg = Debug|Any CPU
		{EBD156B4-BBD0-4F05-8E22-9832F8007601}.Debug|Any CPU.Build.0 = Debug|Any CPU
		{EBD156B4-BBD0-4F05-8E22-9832F8007601}.Release|Any CPU.ActiveCfg = Release|Any CPU
		{EBD156B4-BBD0-4F05-8E22-9832F8007601}.Release|Any CPU.Build.0 = Release|Any CPU
		{32FCAAE2-8299-4747-975B-033E4F47A5D9}.Debug|Any CPU.ActiveCfg = Debug|Any CPU
		{32FCAAE2-8299-4747-975B-033E4F47A5D9}.Debug|Any CPU.Build.0 = Debug|Any CPU
		{32FCAAE2-8299-4747-975B-033E4F47A5D9}.Release|Any CPU.ActiveCfg = Release|Any CPU
		{32FCAAE2-8299-4747-975B-033E4F47A5D9}.Release|Any CPU.Build.0 = Release|Any CPU
		{2A8B42EF-F6C1-4FB8-A128-1054EBB11A37}.Debug|Any CPU.ActiveCfg = Debug|Any CPU
		{2A8B42EF-F6C1-4FB8-A128-1054EBB11A37}.Debug|Any CPU.Build.0 = Debug|Any CPU
		{2A8B42EF-F6C1-4FB8-A128-1054EBB11A37}.Release|Any CPU.ActiveCfg = Release|Any CPU
		{2A8B42EF-F6C1-4FB8-A128-1054EBB11A37}.Release|Any CPU.Build.0 = Release|Any CPU
		{9D8B68AF-BC69-4386-AA2C-51E815FD9D27}.Debug|Any CPU.ActiveCfg = Debug|Any CPU
		{9D8B68AF-BC69-4386-AA2C-51E815FD9D27}.Debug|Any CPU.Build.0 = Debug|Any CPU
		{9D8B68AF-BC69-4386-AA2C-51E815FD9D27}.Release|Any CPU.ActiveCfg = Release|Any CPU
		{9D8B68AF-BC69-4386-AA2C-51E815FD9D27}.Release|Any CPU.Build.0 = Release|Any CPU
		{59965E25-3FF9-4B80-9D57-C7B81900CE11}.Debug|Any CPU.ActiveCfg = Debug|Any CPU
		{59965E25-3FF9-4B80-9D57-C7B81900CE11}.Debug|Any CPU.Build.0 = Debug|Any CPU
		{59965E25-3FF9-4B80-9D57-C7B81900CE11}.Release|Any CPU.ActiveCfg = Release|Any CPU
		{59965E25-3FF9-4B80-9D57-C7B81900CE11}.Release|Any CPU.Build.0 = Release|Any CPU
		{DD4665BE-7AD5-4926-A8DD-BFACDDB9ED37}.Debug|Any CPU.ActiveCfg = Debug|Any CPU
		{DD4665BE-7AD5-4926-A8DD-BFACDDB9ED37}.Debug|Any CPU.Build.0 = Debug|Any CPU
		{DD4665BE-7AD5-4926-A8DD-BFACDDB9ED37}.Release|Any CPU.ActiveCfg = Release|Any CPU
		{DD4665BE-7AD5-4926-A8DD-BFACDDB9ED37}.Release|Any CPU.Build.0 = Release|Any CPU
		{D221FDA8-7A88-4A36-AAD6-BF2BEEBBB904}.Debug|Any CPU.ActiveCfg = Debug|Any CPU
		{D221FDA8-7A88-4A36-AAD6-BF2BEEBBB904}.Debug|Any CPU.Build.0 = Debug|Any CPU
		{D221FDA8-7A88-4A36-AAD6-BF2BEEBBB904}.Release|Any CPU.ActiveCfg = Release|Any CPU
		{D221FDA8-7A88-4A36-AAD6-BF2BEEBBB904}.Release|Any CPU.Build.0 = Release|Any CPU
	EndGlobalSection
	GlobalSection(SolutionProperties) = preSolution
		HideSolutionNode = FALSE
	EndGlobalSection
	GlobalSection(NestedProjects) = preSolution
		{2E44B7C6-AB24-41CD-A2FE-A9E9F75B5408} = {7550120E-99CC-4123-B8FE-E11915595005}
		{EBD156B4-BBD0-4F05-8E22-9832F8007601} = {D8570B11-183A-4A4B-B5AC-E59367FEBB4A}
		{32FCAAE2-8299-4747-975B-033E4F47A5D9} = {D8570B11-183A-4A4B-B5AC-E59367FEBB4A}
		{2A8B42EF-F6C1-4FB8-A128-1054EBB11A37} = {D8570B11-183A-4A4B-B5AC-E59367FEBB4A}
		{966F3ED4-FFFC-4CF9-A12D-4A473BBFA61F} = {52F2DECF-6445-4B7F-B541-820139D91E19}
		{482E3DD4-803D-4656-8F05-AF39E160AAF2} = {52F2DECF-6445-4B7F-B541-820139D91E19}
		{9D8B68AF-BC69-4386-AA2C-51E815FD9D27} = {482E3DD4-803D-4656-8F05-AF39E160AAF2}
		{59965E25-3FF9-4B80-9D57-C7B81900CE11} = {482E3DD4-803D-4656-8F05-AF39E160AAF2}
		{DD4665BE-7AD5-4926-A8DD-BFACDDB9ED37} = {966F3ED4-FFFC-4CF9-A12D-4A473BBFA61F}
		{D221FDA8-7A88-4A36-AAD6-BF2BEEBBB904} = {D0B68774-8A29-49E0-BABF-B2957DC90813}
	EndGlobalSection
	GlobalSection(ExtensibilityGlobals) = postSolution
		SolutionGuid = {6EA69E97-FA39-4A19-8624-D7DD5C4B9BF7}
	EndGlobalSection
EndGlobal
